// !$*UTF8*$!
{
	archiveVersion = 1;
	classes = {
	};
	objectVersion = 56;
	objects = {

/* Begin PBXBuildFile section */
		9EE65FB52C294178008016FF /* main.swift in Sources */ = {isa = PBXBuildFile; fileRef = 9EE65FB42C294178008016FF /* main.swift */; };
		9EE65FBE2C29423C008016FF /* day1_q1.swift in Sources */ = {isa = PBXBuildFile; fileRef = 9EE65FBD2C29423C008016FF /* day1_q1.swift */; };
		9EE65FC02C2942D8008016FF /* day1_q2.swift in Sources */ = {isa = PBXBuildFile; fileRef = 9EE65FBF2C2942D8008016FF /* day1_q2.swift */; };
		9EE65FC22C2947D0008016FF /* day1_q3.swift in Sources */ = {isa = PBXBuildFile; fileRef = 9EE65FC12C2947D0008016FF /* day1_q3.swift */; };
		9EE65FC42C294952008016FF /* day1_q4.swift in Sources */ = {isa = PBXBuildFile; fileRef = 9EE65FC32C294952008016FF /* day1_q4.swift */; };
		9EE65FC62C294B72008016FF /* day1_q5.swift in Sources */ = {isa = PBXBuildFile; fileRef = 9EE65FC52C294B72008016FF /* day1_q5.swift */; };
		9EE65FC92C294BF5008016FF /* day2_q1.swift in Sources */ = {isa = PBXBuildFile; fileRef = 9EE65FC82C294BF5008016FF /* day2_q1.swift */; };
		9EE65FCB2C294DCD008016FF /* day2_q2.swift in Sources */ = {isa = PBXBuildFile; fileRef = 9EE65FCA2C294DCD008016FF /* day2_q2.swift */; };
		9EE65FCD2C295546008016FF /* day2_q3.swift in Sources */ = {isa = PBXBuildFile; fileRef = 9EE65FCC2C295546008016FF /* day2_q3.swift */; };
		9EE65FCF2C2956ED008016FF /* day2_q4.swift in Sources */ = {isa = PBXBuildFile; fileRef = 9EE65FCE2C2956ED008016FF /* day2_q4.swift */; };
		9EE65FD12C295D8B008016FF /* day2_q5.swift in Sources */ = {isa = PBXBuildFile; fileRef = 9EE65FD02C295D8B008016FF /* day2_q5.swift */; };
/* End PBXBuildFile section */

/* Begin PBXCopyFilesBuildPhase section */
		9EE65FAF2C294178008016FF /* CopyFiles */ = {
			isa = PBXCopyFilesBuildPhase;
			buildActionMask = 2147483647;
			dstPath = /usr/share/man/man1/;
			dstSubfolderSpec = 0;
			files = (
			);
			runOnlyForDeploymentPostprocessing = 1;
		};
/* End PBXCopyFilesBuildPhase section */

/* Begin PBXFileReference section */
		9EE65FB12C294178008016FF /* Swift_Algorithm */ = {isa = PBXFileReference; explicitFileType = "compiled.mach-o.executable"; includeInIndex = 0; path = Swift_Algorithm; sourceTree = BUILT_PRODUCTS_DIR; };
		9EE65FB42C294178008016FF /* main.swift */ = {isa = PBXFileReference; lastKnownFileType = sourcecode.swift; path = main.swift; sourceTree = "<group>"; };
		9EE65FBD2C29423C008016FF /* day1_q1.swift */ = {isa = PBXFileReference; lastKnownFileType = sourcecode.swift; path = day1_q1.swift; sourceTree = "<group>"; };
		9EE65FBF2C2942D8008016FF /* day1_q2.swift */ = {isa = PBXFileReference; lastKnownFileType = sourcecode.swift; path = day1_q2.swift; sourceTree = "<group>"; };
		9EE65FC12C2947D0008016FF /* day1_q3.swift */ = {isa = PBXFileReference; lastKnownFileType = sourcecode.swift; path = day1_q3.swift; sourceTree = "<group>"; };
		9EE65FC32C294952008016FF /* day1_q4.swift */ = {isa = PBXFileReference; lastKnownFileType = sourcecode.swift; path = day1_q4.swift; sourceTree = "<group>"; };
		9EE65FC52C294B72008016FF /* day1_q5.swift */ = {isa = PBXFileReference; lastKnownFileType = sourcecode.swift; path = day1_q5.swift; sourceTree = "<group>"; };
		9EE65FC82C294BF5008016FF /* day2_q1.swift */ = {isa = PBXFileReference; lastKnownFileType = sourcecode.swift; path = day2_q1.swift; sourceTree = "<group>"; };
		9EE65FCA2C294DCD008016FF /* day2_q2.swift */ = {isa = PBXFileReference; lastKnownFileType = sourcecode.swift; path = day2_q2.swift; sourceTree = "<group>"; };
		9EE65FCC2C295546008016FF /* day2_q3.swift */ = {isa = PBXFileReference; lastKnownFileType = sourcecode.swift; path = day2_q3.swift; sourceTree = "<group>"; };
		9EE65FCE2C2956ED008016FF /* day2_q4.swift */ = {isa = PBXFileReference; lastKnownFileType = sourcecode.swift; path = day2_q4.swift; sourceTree = "<group>"; };
		9EE65FD02C295D8B008016FF /* day2_q5.swift */ = {isa = PBXFileReference; lastKnownFileType = sourcecode.swift; path = day2_q5.swift; sourceTree = "<group>"; };
/* End PBXFileReference section */

/* Begin PBXFrameworksBuildPhase section */
		9EE65FAE2C294178008016FF /* Frameworks */ = {
			isa = PBXFrameworksBuildPhase;
			buildActionMask = 2147483647;
			files = (
			);
			runOnlyForDeploymentPostprocessing = 0;
		};
/* End PBXFrameworksBuildPhase section */

/* Begin PBXGroup section */
		9EE65FA82C294177008016FF = {
			isa = PBXGroup;
			children = (
				9EE65FB32C294178008016FF /* Swift_Algorithm */,
				9EE65FB22C294178008016FF /* Products */,
			);
			sourceTree = "<group>";
		};
		9EE65FB22C294178008016FF /* Products */ = {
			isa = PBXGroup;
			children = (
				9EE65FB12C294178008016FF /* Swift_Algorithm */,
			);
			name = Products;
			sourceTree = "<group>";
		};
		9EE65FB32C294178008016FF /* Swift_Algorithm */ = {
			isa = PBXGroup;
			children = (
				9EE65FBB2C2941A7008016FF /* programmers_training */,
			);
			path = Swift_Algorithm;
			sourceTree = "<group>";
		};
		9EE65FBB2C2941A7008016FF /* programmers_training */ = {
			isa = PBXGroup;
			children = (
				9EE65FBC2C2941C6008016FF /* day1 */,
				9EE65FC72C294BE6008016FF /* day2 */,
			);
			path = programmers_training;
			sourceTree = "<group>";
		};
		9EE65FBC2C2941C6008016FF /* day1 */ = {
			isa = PBXGroup;
			children = (
				9EE65FB42C294178008016FF /* main.swift */,
				9EE65FBD2C29423C008016FF /* day1_q1.swift */,
				9EE65FBF2C2942D8008016FF /* day1_q2.swift */,
				9EE65FC12C2947D0008016FF /* day1_q3.swift */,
				9EE65FC32C294952008016FF /* day1_q4.swift */,
				9EE65FC52C294B72008016FF /* day1_q5.swift */,
			);
			path = day1;
			sourceTree = "<group>";
		};
		9EE65FC72C294BE6008016FF /* day2 */ = {
			isa = PBXGroup;
			children = (
				9EE65FC82C294BF5008016FF /* day2_q1.swift */,
				9EE65FCA2C294DCD008016FF /* day2_q2.swift */,
				9EE65FCC2C295546008016FF /* day2_q3.swift */,
				9EE65FCE2C2956ED008016FF /* day2_q4.swift */,
				9EE65FD02C295D8B008016FF /* day2_q5.swift */,
			);
			path = day2;
			sourceTree = "<group>";
		};
/* End PBXGroup section */

/* Begin PBXNativeTarget section */
		9EE65FB02C294178008016FF /* Swift_Algorithm */ = {
			isa = PBXNativeTarget;
			buildConfigurationList = 9EE65FB82C294178008016FF /* Build configuration list for PBXNativeTarget "Swift_Algorithm" */;
			buildPhases = (
				9EE65FAD2C294178008016FF /* Sources */,
				9EE65FAE2C294178008016FF /* Frameworks */,
				9EE65FAF2C294178008016FF /* CopyFiles */,
			);
			buildRules = (
			);
			dependencies = (
			);
			name = Swift_Algorithm;
			productName = Swift_Algorithm;
			productReference = 9EE65FB12C294178008016FF /* Swift_Algorithm */;
			productType = "com.apple.product-type.tool";
		};
/* End PBXNativeTarget section */

/* Begin PBXProject section */
		9EE65FA92C294177008016FF /* Project object */ = {
			isa = PBXProject;
			attributes = {
				BuildIndependentTargetsInParallel = 1;
				LastSwiftUpdateCheck = 1520;
				LastUpgradeCheck = 1520;
				TargetAttributes = {
					9EE65FB02C294178008016FF = {
						CreatedOnToolsVersion = 15.2;
					};
				};
			};
			buildConfigurationList = 9EE65FAC2C294177008016FF /* Build configuration list for PBXProject "Swift_Algorithm" */;
			compatibilityVersion = "Xcode 14.0";
			developmentRegion = en;
			hasScannedForEncodings = 0;
			knownRegions = (
				en,
				Base,
			);
			mainGroup = 9EE65FA82C294177008016FF;
			productRefGroup = 9EE65FB22C294178008016FF /* Products */;
			projectDirPath = "";
			projectRoot = "";
			targets = (
				9EE65FB02C294178008016FF /* Swift_Algorithm */,
			);
		};
/* End PBXProject section */

/* Begin PBXSourcesBuildPhase section */
		9EE65FAD2C294178008016FF /* Sources */ = {
			isa = PBXSourcesBuildPhase;
			buildActionMask = 2147483647;
			files = (
				9EE65FC92C294BF5008016FF /* day2_q1.swift in Sources */,
				9EE65FB52C294178008016FF /* main.swift in Sources */,
				9EE65FCB2C294DCD008016FF /* day2_q2.swift in Sources */,
				9EE65FC62C294B72008016FF /* day1_q5.swift in Sources */,
				9EE65FC02C2942D8008016FF /* day1_q2.swift in Sources */,
				9EE65FC42C294952008016FF /* day1_q4.swift in Sources */,
				9EE65FCD2C295546008016FF /* day2_q3.swift in Sources */,
				9EE65FBE2C29423C008016FF /* day1_q1.swift in Sources */,
				9EE65FCF2C2956ED008016FF /* day2_q4.swift in Sources */,
				9EE65FC22C2947D0008016FF /* day1_q3.swift in Sources */,
				9EE65FD12C295D8B008016FF /* day2_q5.swift in Sources */,
			);
			runOnlyForDeploymentPostprocessing = 0;
		};
/* End PBXSourcesBuildPhase section */

/* Begin XCBuildConfiguration section */
		9EE65FB62C294178008016FF /* Debug */ = {
			isa = XCBuildConfiguration;
			buildSettings = {
				ALWAYS_SEARCH_USER_PATHS = NO;
				ASSETCATALOG_COMPILER_GENERATE_SWIFT_ASSET_SYMBOL_EXTENSIONS = YES;
				CLANG_ANALYZER_NONNULL = YES;
				CLANG_ANALYZER_NUMBER_OBJECT_CONVERSION = YES_AGGRESSIVE;
				CLANG_CXX_LANGUAGE_STANDARD = "gnu++20";
				CLANG_ENABLE_MODULES = YES;
				CLANG_ENABLE_OBJC_ARC = YES;
				CLANG_ENABLE_OBJC_WEAK = YES;
				CLANG_WARN_BLOCK_CAPTURE_AUTORELEASING = YES;
				CLANG_WARN_BOOL_CONVERSION = YES;
				CLANG_WARN_COMMA = YES;
				CLANG_WARN_CONSTANT_CONVERSION = YES;
				CLANG_WARN_DEPRECATED_OBJC_IMPLEMENTATIONS = YES;
				CLANG_WARN_DIRECT_OBJC_ISA_USAGE = YES_ERROR;
				CLANG_WARN_DOCUMENTATION_COMMENTS = YES;
				CLANG_WARN_EMPTY_BODY = YES;
				CLANG_WARN_ENUM_CONVERSION = YES;
				CLANG_WARN_INFINITE_RECURSION = YES;
				CLANG_WARN_INT_CONVERSION = YES;
				CLANG_WARN_NON_LITERAL_NULL_CONVERSION = YES;
				CLANG_WARN_OBJC_IMPLICIT_RETAIN_SELF = YES;
				CLANG_WARN_OBJC_LITERAL_CONVERSION = YES;
				CLANG_WARN_OBJC_ROOT_CLASS = YES_ERROR;
				CLANG_WARN_QUOTED_INCLUDE_IN_FRAMEWORK_HEADER = YES;
				CLANG_WARN_RANGE_LOOP_ANALYSIS = YES;
				CLANG_WARN_STRICT_PROTOTYPES = YES;
				CLANG_WARN_SUSPICIOUS_MOVE = YES;
				CLANG_WARN_UNGUARDED_AVAILABILITY = YES_AGGRESSIVE;
				CLANG_WARN_UNREACHABLE_CODE = YES;
				CLANG_WARN__DUPLICATE_METHOD_MATCH = YES;
				COPY_PHASE_STRIP = NO;
				DEBUG_INFORMATION_FORMAT = dwarf;
				ENABLE_STRICT_OBJC_MSGSEND = YES;
				ENABLE_TESTABILITY = YES;
				ENABLE_USER_SCRIPT_SANDBOXING = YES;
				GCC_C_LANGUAGE_STANDARD = gnu17;
				GCC_DYNAMIC_NO_PIC = NO;
				GCC_NO_COMMON_BLOCKS = YES;
				GCC_OPTIMIZATION_LEVEL = 0;
				GCC_PREPROCESSOR_DEFINITIONS = (
					"DEBUG=1",
					"$(inherited)",
				);
				GCC_WARN_64_TO_32_BIT_CONVERSION = YES;
				GCC_WARN_ABOUT_RETURN_TYPE = YES_ERROR;
				GCC_WARN_UNDECLARED_SELECTOR = YES;
				GCC_WARN_UNINITIALIZED_AUTOS = YES_AGGRESSIVE;
				GCC_WARN_UNUSED_FUNCTION = YES;
				GCC_WARN_UNUSED_VARIABLE = YES;
				LOCALIZATION_PREFERS_STRING_CATALOGS = YES;
				MACOSX_DEPLOYMENT_TARGET = 14.2;
				MTL_ENABLE_DEBUG_INFO = INCLUDE_SOURCE;
				MTL_FAST_MATH = YES;
				ONLY_ACTIVE_ARCH = YES;
				SDKROOT = macosx;
				SWIFT_ACTIVE_COMPILATION_CONDITIONS = "DEBUG $(inherited)";
				SWIFT_OPTIMIZATION_LEVEL = "-Onone";
			};
			name = Debug;
		};
		9EE65FB72C294178008016FF /* Release */ = {
			isa = XCBuildConfiguration;
			buildSettings = {
				ALWAYS_SEARCH_USER_PATHS = NO;
				ASSETCATALOG_COMPILER_GENERATE_SWIFT_ASSET_SYMBOL_EXTENSIONS = YES;
				CLANG_ANALYZER_NONNULL = YES;
				CLANG_ANALYZER_NUMBER_OBJECT_CONVERSION = YES_AGGRESSIVE;
				CLANG_CXX_LANGUAGE_STANDARD = "gnu++20";
				CLANG_ENABLE_MODULES = YES;
				CLANG_ENABLE_OBJC_ARC = YES;
				CLANG_ENABLE_OBJC_WEAK = YES;
				CLANG_WARN_BLOCK_CAPTURE_AUTORELEASING = YES;
				CLANG_WARN_BOOL_CONVERSION = YES;
				CLANG_WARN_COMMA = YES;
				CLANG_WARN_CONSTANT_CONVERSION = YES;
				CLANG_WARN_DEPRECATED_OBJC_IMPLEMENTATIONS = YES;
				CLANG_WARN_DIRECT_OBJC_ISA_USAGE = YES_ERROR;
				CLANG_WARN_DOCUMENTATION_COMMENTS = YES;
				CLANG_WARN_EMPTY_BODY = YES;
				CLANG_WARN_ENUM_CONVERSION = YES;
				CLANG_WARN_INFINITE_RECURSION = YES;
				CLANG_WARN_INT_CONVERSION = YES;
				CLANG_WARN_NON_LITERAL_NULL_CONVERSION = YES;
				CLANG_WARN_OBJC_IMPLICIT_RETAIN_SELF = YES;
				CLANG_WARN_OBJC_LITERAL_CONVERSION = YES;
				CLANG_WARN_OBJC_ROOT_CLASS = YES_ERROR;
				CLANG_WARN_QUOTED_INCLUDE_IN_FRAMEWORK_HEADER = YES;
				CLANG_WARN_RANGE_LOOP_ANALYSIS = YES;
				CLANG_WARN_STRICT_PROTOTYPES = YES;
				CLANG_WARN_SUSPICIOUS_MOVE = YES;
				CLANG_WARN_UNGUARDED_AVAILABILITY = YES_AGGRESSIVE;
				CLANG_WARN_UNREACHABLE_CODE = YES;
				CLANG_WARN__DUPLICATE_METHOD_MATCH = YES;
				COPY_PHASE_STRIP = NO;
				DEBUG_INFORMATION_FORMAT = "dwarf-with-dsym";
				ENABLE_NS_ASSERTIONS = NO;
				ENABLE_STRICT_OBJC_MSGSEND = YES;
				ENABLE_USER_SCRIPT_SANDBOXING = YES;
				GCC_C_LANGUAGE_STANDARD = gnu17;
				GCC_NO_COMMON_BLOCKS = YES;
				GCC_WARN_64_TO_32_BIT_CONVERSION = YES;
				GCC_WARN_ABOUT_RETURN_TYPE = YES_ERROR;
				GCC_WARN_UNDECLARED_SELECTOR = YES;
				GCC_WARN_UNINITIALIZED_AUTOS = YES_AGGRESSIVE;
				GCC_WARN_UNUSED_FUNCTION = YES;
				GCC_WARN_UNUSED_VARIABLE = YES;
				LOCALIZATION_PREFERS_STRING_CATALOGS = YES;
				MACOSX_DEPLOYMENT_TARGET = 14.2;
				MTL_ENABLE_DEBUG_INFO = NO;
				MTL_FAST_MATH = YES;
				SDKROOT = macosx;
				SWIFT_COMPILATION_MODE = wholemodule;
			};
			name = Release;
		};
		9EE65FB92C294178008016FF /* Debug */ = {
			isa = XCBuildConfiguration;
			buildSettings = {
				CODE_SIGN_STYLE = Automatic;
				DEVELOPMENT_TEAM = X67DB976UU;
				ENABLE_HARDENED_RUNTIME = YES;
				PRODUCT_NAME = "$(TARGET_NAME)";
				SWIFT_VERSION = 5.0;
			};
			name = Debug;
		};
		9EE65FBA2C294178008016FF /* Release */ = {
			isa = XCBuildConfiguration;
			buildSettings = {
				CODE_SIGN_STYLE = Automatic;
				DEVELOPMENT_TEAM = X67DB976UU;
				ENABLE_HARDENED_RUNTIME = YES;
				PRODUCT_NAME = "$(TARGET_NAME)";
				SWIFT_VERSION = 5.0;
			};
			name = Release;
		};
/* End XCBuildConfiguration section */

/* Begin XCConfigurationList section */
		9EE65FAC2C294177008016FF /* Build configuration list for PBXProject "Swift_Algorithm" */ = {
			isa = XCConfigurationList;
			buildConfigurations = (
				9EE65FB62C294178008016FF /* Debug */,
				9EE65FB72C294178008016FF /* Release */,
			);
			defaultConfigurationIsVisible = 0;
			defaultConfigurationName = Release;
		};
		9EE65FB82C294178008016FF /* Build configuration list for PBXNativeTarget "Swift_Algorithm" */ = {
			isa = XCConfigurationList;
			buildConfigurations = (
				9EE65FB92C294178008016FF /* Debug */,
				9EE65FBA2C294178008016FF /* Release */,
			);
			defaultConfigurationIsVisible = 0;
			defaultConfigurationName = Release;
		};
/* End XCConfigurationList section */
	};
	rootObject = 9EE65FA92C294177008016FF /* Project object */;
}
